// !$*UTF8*$!
{
	archiveVersion = 1;
	classes = {
	};
	objectVersion = 46;
	objects = {

/* Begin PBXBuildFile section */
		D46313E318469AE2005E6231 /* Foundation.framework in Frameworks */ = {isa = PBXBuildFile; fileRef = D46313E218469AE2005E6231 /* Foundation.framework */; };
		D46313E518469AE2005E6231 /* CoreGraphics.framework in Frameworks */ = {isa = PBXBuildFile; fileRef = D46313E418469AE2005E6231 /* CoreGraphics.framework */; };
		D46313E718469AE2005E6231 /* UIKit.framework in Frameworks */ = {isa = PBXBuildFile; fileRef = D46313E618469AE2005E6231 /* UIKit.framework */; };
		D46313ED18469AE2005E6231 /* InfoPlist.strings in Resources */ = {isa = PBXBuildFile; fileRef = D46313EB18469AE2005E6231 /* InfoPlist.strings */; };
		D46313EF18469AE2005E6231 /* main.m in Sources */ = {isa = PBXBuildFile; fileRef = D46313EE18469AE2005E6231 /* main.m */; };
		D46313F318469AE2005E6231 /* CardGameAppDelegate.m in Sources */ = {isa = PBXBuildFile; fileRef = D46313F218469AE2005E6231 /* CardGameAppDelegate.m */; };
		D46313F618469AE2005E6231 /* Main.storyboard in Resources */ = {isa = PBXBuildFile; fileRef = D46313F418469AE2005E6231 /* Main.storyboard */; };
		D46313F918469AE2005E6231 /* CardGameViewController.m in Sources */ = {isa = PBXBuildFile; fileRef = D46313F818469AE2005E6231 /* CardGameViewController.m */; };
		D46313FB18469AE2005E6231 /* Images.xcassets in Resources */ = {isa = PBXBuildFile; fileRef = D46313FA18469AE2005E6231 /* Images.xcassets */; };
		D463140218469AE2005E6231 /* XCTest.framework in Frameworks */ = {isa = PBXBuildFile; fileRef = D463140118469AE2005E6231 /* XCTest.framework */; };
		D463140318469AE2005E6231 /* Foundation.framework in Frameworks */ = {isa = PBXBuildFile; fileRef = D46313E218469AE2005E6231 /* Foundation.framework */; };
		D463140418469AE2005E6231 /* UIKit.framework in Frameworks */ = {isa = PBXBuildFile; fileRef = D46313E618469AE2005E6231 /* UIKit.framework */; };
		D463140C18469AE2005E6231 /* InfoPlist.strings in Resources */ = {isa = PBXBuildFile; fileRef = D463140A18469AE2005E6231 /* InfoPlist.strings */; };
		D463140E18469AE2005E6231 /* MatchismoTests.m in Sources */ = {isa = PBXBuildFile; fileRef = D463140D18469AE2005E6231 /* MatchismoTests.m */; };
		D46314191846B1C5005E6231 /* Card.m in Sources */ = {isa = PBXBuildFile; fileRef = D46314181846B1C5005E6231 /* Card.m */; };
		D463141D1846B319005E6231 /* Deck.m in Sources */ = {isa = PBXBuildFile; fileRef = D463141C1846B319005E6231 /* Deck.m */; };
		D46314201846B44A005E6231 /* PlayingCard.m in Sources */ = {isa = PBXBuildFile; fileRef = D463141F1846B44A005E6231 /* PlayingCard.m */; };
		D46314261846D7E7005E6231 /* PlayingCardDeck.m in Sources */ = {isa = PBXBuildFile; fileRef = D46314251846D7E7005E6231 /* PlayingCardDeck.m */; };
		D463142918491DC0005E6231 /* CardMatchingGame.m in Sources */ = {isa = PBXBuildFile; fileRef = D463142818491DC0005E6231 /* CardMatchingGame.m */; };
/* End PBXBuildFile section */

/* Begin PBXContainerItemProxy section */
		D463140518469AE2005E6231 /* PBXContainerItemProxy */ = {
			isa = PBXContainerItemProxy;
			containerPortal = D46313D718469AE2005E6231 /* Project object */;
			proxyType = 1;
			remoteGlobalIDString = D46313DE18469AE2005E6231;
			remoteInfo = Matchismo;
		};
/* End PBXContainerItemProxy section */

/* Begin PBXFileReference section */
		D46313DF18469AE2005E6231 /* Matchismo.app */ = {isa = PBXFileReference; explicitFileType = wrapper.application; includeInIndex = 0; path = Matchismo.app; sourceTree = BUILT_PRODUCTS_DIR; };
		D46313E218469AE2005E6231 /* Foundation.framework */ = {isa = PBXFileReference; lastKnownFileType = wrapper.framework; name = Foundation.framework; path = System/Library/Frameworks/Foundation.framework; sourceTree = SDKROOT; };
		D46313E418469AE2005E6231 /* CoreGraphics.framework */ = {isa = PBXFileReference; lastKnownFileType = wrapper.framework; name = CoreGraphics.framework; path = System/Library/Frameworks/CoreGraphics.framework; sourceTree = SDKROOT; };
		D46313E618469AE2005E6231 /* UIKit.framework */ = {isa = PBXFileReference; lastKnownFileType = wrapper.framework; name = UIKit.framework; path = System/Library/Frameworks/UIKit.framework; sourceTree = SDKROOT; };
		D46313EA18469AE2005E6231 /* Matchismo-Info.plist */ = {isa = PBXFileReference; lastKnownFileType = text.plist.xml; path = "Matchismo-Info.plist"; sourceTree = "<group>"; };
		D46313EC18469AE2005E6231 /* en */ = {isa = PBXFileReference; lastKnownFileType = text.plist.strings; name = en; path = en.lproj/InfoPlist.strings; sourceTree = "<group>"; };
		D46313EE18469AE2005E6231 /* main.m */ = {isa = PBXFileReference; lastKnownFileType = sourcecode.c.objc; path = main.m; sourceTree = "<group>"; };
		D46313F018469AE2005E6231 /* Matchismo-Prefix.pch */ = {isa = PBXFileReference; lastKnownFileType = sourcecode.c.h; path = "Matchismo-Prefix.pch"; sourceTree = "<group>"; };
		D46313F118469AE2005E6231 /* CardGameAppDelegate.h */ = {isa = PBXFileReference; lastKnownFileType = sourcecode.c.h; path = CardGameAppDelegate.h; sourceTree = "<group>"; };
		D46313F218469AE2005E6231 /* CardGameAppDelegate.m */ = {isa = PBXFileReference; lastKnownFileType = sourcecode.c.objc; path = CardGameAppDelegate.m; sourceTree = "<group>"; };
		D46313F518469AE2005E6231 /* Base */ = {isa = PBXFileReference; lastKnownFileType = file.storyboard; name = Base; path = Base.lproj/Main.storyboard; sourceTree = "<group>"; };
		D46313F718469AE2005E6231 /* CardGameViewController.h */ = {isa = PBXFileReference; lastKnownFileType = sourcecode.c.h; path = CardGameViewController.h; sourceTree = "<group>"; };
		D46313F818469AE2005E6231 /* CardGameViewController.m */ = {isa = PBXFileReference; lastKnownFileType = sourcecode.c.objc; path = CardGameViewController.m; sourceTree = "<group>"; };
		D46313FA18469AE2005E6231 /* Images.xcassets */ = {isa = PBXFileReference; lastKnownFileType = folder.assetcatalog; path = Images.xcassets; sourceTree = "<group>"; };
		D463140018469AE2005E6231 /* MatchismoTests.xctest */ = {isa = PBXFileReference; explicitFileType = wrapper.cfbundle; includeInIndex = 0; path = MatchismoTests.xctest; sourceTree = BUILT_PRODUCTS_DIR; };
		D463140118469AE2005E6231 /* XCTest.framework */ = {isa = PBXFileReference; lastKnownFileType = wrapper.framework; name = XCTest.framework; path = Library/Frameworks/XCTest.framework; sourceTree = DEVELOPER_DIR; };
		D463140918469AE2005E6231 /* MatchismoTests-Info.plist */ = {isa = PBXFileReference; lastKnownFileType = text.plist.xml; path = "MatchismoTests-Info.plist"; sourceTree = "<group>"; };
		D463140B18469AE2005E6231 /* en */ = {isa = PBXFileReference; lastKnownFileType = text.plist.strings; name = en; path = en.lproj/InfoPlist.strings; sourceTree = "<group>"; };
		D463140D18469AE2005E6231 /* MatchismoTests.m */ = {isa = PBXFileReference; lastKnownFileType = sourcecode.c.objc; path = MatchismoTests.m; sourceTree = "<group>"; };
		D46314171846B1C5005E6231 /* Card.h */ = {isa = PBXFileReference; fileEncoding = 4; lastKnownFileType = sourcecode.c.h; name = Card.h; path = Model/Card.h; sourceTree = "<group>"; };
		D46314181846B1C5005E6231 /* Card.m */ = {isa = PBXFileReference; fileEncoding = 4; lastKnownFileType = sourcecode.c.objc; name = Card.m; path = Model/Card.m; sourceTree = "<group>"; };
		D463141B1846B319005E6231 /* Deck.h */ = {isa = PBXFileReference; fileEncoding = 4; lastKnownFileType = sourcecode.c.h; name = Deck.h; path = Model/Deck.h; sourceTree = "<group>"; };
		D463141C1846B319005E6231 /* Deck.m */ = {isa = PBXFileReference; fileEncoding = 4; lastKnownFileType = sourcecode.c.objc; name = Deck.m; path = Model/Deck.m; sourceTree = "<group>"; };
		D463141E1846B44A005E6231 /* PlayingCard.h */ = {isa = PBXFileReference; fileEncoding = 4; lastKnownFileType = sourcecode.c.h; name = PlayingCard.h; path = Model/PlayingCard.h; sourceTree = "<group>"; };
		D463141F1846B44A005E6231 /* PlayingCard.m */ = {isa = PBXFileReference; fileEncoding = 4; lastKnownFileType = sourcecode.c.objc; name = PlayingCard.m; path = Model/PlayingCard.m; sourceTree = "<group>"; };
		D46314241846D7E7005E6231 /* PlayingCardDeck.h */ = {isa = PBXFileReference; fileEncoding = 4; lastKnownFileType = sourcecode.c.h; name = PlayingCardDeck.h; path = Model/PlayingCardDeck.h; sourceTree = "<group>"; };
		D46314251846D7E7005E6231 /* PlayingCardDeck.m */ = {isa = PBXFileReference; fileEncoding = 4; lastKnownFileType = sourcecode.c.objc; name = PlayingCardDeck.m; path = Model/PlayingCardDeck.m; sourceTree = "<group>"; };
		D463142718491DC0005E6231 /* CardMatchingGame.h */ = {isa = PBXFileReference; fileEncoding = 4; lastKnownFileType = sourcecode.c.h; name = CardMatchingGame.h; path = Model/CardMatchingGame.h; sourceTree = "<group>"; };
		D463142818491DC0005E6231 /* CardMatchingGame.m */ = {isa = PBXFileReference; fileEncoding = 4; lastKnownFileType = sourcecode.c.objc; name = CardMatchingGame.m; path = Model/CardMatchingGame.m; sourceTree = "<group>"; };
/* End PBXFileReference section */

/* Begin PBXFrameworksBuildPhase section */
		D46313DC18469AE2005E6231 /* Frameworks */ = {
			isa = PBXFrameworksBuildPhase;
			buildActionMask = 2147483647;
			files = (
				D46313E518469AE2005E6231 /* CoreGraphics.framework in Frameworks */,
				D46313E718469AE2005E6231 /* UIKit.framework in Frameworks */,
				D46313E318469AE2005E6231 /* Foundation.framework in Frameworks */,
			);
			runOnlyForDeploymentPostprocessing = 0;
		};
		D46313FD18469AE2005E6231 /* Frameworks */ = {
			isa = PBXFrameworksBuildPhase;
			buildActionMask = 2147483647;
			files = (
				D463140218469AE2005E6231 /* XCTest.framework in Frameworks */,
				D463140418469AE2005E6231 /* UIKit.framework in Frameworks */,
				D463140318469AE2005E6231 /* Foundation.framework in Frameworks */,
			);
			runOnlyForDeploymentPostprocessing = 0;
		};
/* End PBXFrameworksBuildPhase section */

/* Begin PBXGroup section */
		D46313D618469AE2005E6231 = {
			isa = PBXGroup;
			children = (
				D46313E818469AE2005E6231 /* Matchismo */,
				D463140718469AE2005E6231 /* MatchismoTests */,
				D46313E118469AE2005E6231 /* Frameworks */,
				D46313E018469AE2005E6231 /* Products */,
			);
			sourceTree = "<group>";
		};
		D46313E018469AE2005E6231 /* Products */ = {
			isa = PBXGroup;
			children = (
				D46313DF18469AE2005E6231 /* Matchismo.app */,
				D463140018469AE2005E6231 /* MatchismoTests.xctest */,
			);
			name = Products;
			sourceTree = "<group>";
		};
		D46313E118469AE2005E6231 /* Frameworks */ = {
			isa = PBXGroup;
			children = (
				D46313E218469AE2005E6231 /* Foundation.framework */,
				D46313E418469AE2005E6231 /* CoreGraphics.framework */,
				D46313E618469AE2005E6231 /* UIKit.framework */,
				D463140118469AE2005E6231 /* XCTest.framework */,
			);
			name = Frameworks;
			sourceTree = "<group>";
		};
		D46313E818469AE2005E6231 /* Matchismo */ = {
			isa = PBXGroup;
			children = (
				D46313F418469AE2005E6231 /* Main.storyboard */,
				D46313F718469AE2005E6231 /* CardGameViewController.h */,
				D46313F818469AE2005E6231 /* CardGameViewController.m */,
				D46313FA18469AE2005E6231 /* Images.xcassets */,
				D46313E918469AE2005E6231 /* Supporting Files */,
				D463141A1846B1ED005E6231 /* Model */,
			);
			path = Matchismo;
			sourceTree = "<group>";
		};
		D46313E918469AE2005E6231 /* Supporting Files */ = {
			isa = PBXGroup;
			children = (
				D46313F118469AE2005E6231 /* CardGameAppDelegate.h */,
				D46313F218469AE2005E6231 /* CardGameAppDelegate.m */,
				D46313EA18469AE2005E6231 /* Matchismo-Info.plist */,
				D46313EB18469AE2005E6231 /* InfoPlist.strings */,
				D46313EE18469AE2005E6231 /* main.m */,
				D46313F018469AE2005E6231 /* Matchismo-Prefix.pch */,
			);
			name = "Supporting Files";
			sourceTree = "<group>";
		};
		D463140718469AE2005E6231 /* MatchismoTests */ = {
			isa = PBXGroup;
			children = (
				D463140D18469AE2005E6231 /* MatchismoTests.m */,
				D463140818469AE2005E6231 /* Supporting Files */,
			);
			path = MatchismoTests;
			sourceTree = "<group>";
		};
		D463140818469AE2005E6231 /* Supporting Files */ = {
			isa = PBXGroup;
			children = (
				D463140918469AE2005E6231 /* MatchismoTests-Info.plist */,
				D463140A18469AE2005E6231 /* InfoPlist.strings */,
			);
			name = "Supporting Files";
			sourceTree = "<group>";
		};
		D463141A1846B1ED005E6231 /* Model */ = {
			isa = PBXGroup;
			children = (
				D463142718491DC0005E6231 /* CardMatchingGame.h */,
				D463142818491DC0005E6231 /* CardMatchingGame.m */,
				D46314241846D7E7005E6231 /* PlayingCardDeck.h */,
				D46314251846D7E7005E6231 /* PlayingCardDeck.m */,
				D46314171846B1C5005E6231 /* Card.h */,
				D46314181846B1C5005E6231 /* Card.m */,
				D463141B1846B319005E6231 /* Deck.h */,
				D463141C1846B319005E6231 /* Deck.m */,
				D463141E1846B44A005E6231 /* PlayingCard.h */,
				D463141F1846B44A005E6231 /* PlayingCard.m */,
			);
			name = Model;
			sourceTree = "<group>";
		};
/* End PBXGroup section */

/* Begin PBXNativeTarget section */
		D46313DE18469AE2005E6231 /* Matchismo */ = {
			isa = PBXNativeTarget;
			buildConfigurationList = D463141118469AE2005E6231 /* Build configuration list for PBXNativeTarget "Matchismo" */;
			buildPhases = (
				D46313DB18469AE2005E6231 /* Sources */,
				D46313DC18469AE2005E6231 /* Frameworks */,
				D46313DD18469AE2005E6231 /* Resources */,
			);
			buildRules = (
			);
			dependencies = (
			);
			name = Matchismo;
			productName = Matchismo;
			productReference = D46313DF18469AE2005E6231 /* Matchismo.app */;
			productType = "com.apple.product-type.application";
		};
		D46313FF18469AE2005E6231 /* MatchismoTests */ = {
			isa = PBXNativeTarget;
			buildConfigurationList = D463141418469AE2005E6231 /* Build configuration list for PBXNativeTarget "MatchismoTests" */;
			buildPhases = (
				D46313FC18469AE2005E6231 /* Sources */,
				D46313FD18469AE2005E6231 /* Frameworks */,
				D46313FE18469AE2005E6231 /* Resources */,
			);
			buildRules = (
			);
			dependencies = (
				D463140618469AE2005E6231 /* PBXTargetDependency */,
			);
			name = MatchismoTests;
			productName = MatchismoTests;
			productReference = D463140018469AE2005E6231 /* MatchismoTests.xctest */;
			productType = "com.apple.product-type.bundle.unit-test";
		};
/* End PBXNativeTarget section */

/* Begin PBXProject section */
		D46313D718469AE2005E6231 /* Project object */ = {
			isa = PBXProject;
			attributes = {
				CLASSPREFIX = CardGame;
				LastUpgradeCheck = 0500;
				ORGANIZATIONNAME = "Johan Henkens";
				TargetAttributes = {
					D46313FF18469AE2005E6231 = {
						TestTargetID = D46313DE18469AE2005E6231;
					};
				};
			};
			buildConfigurationList = D46313DA18469AE2005E6231 /* Build configuration list for PBXProject "Matchismo" */;
			compatibilityVersion = "Xcode 3.2";
			developmentRegion = English;
			hasScannedForEncodings = 0;
			knownRegions = (
				en,
				Base,
			);
			mainGroup = D46313D618469AE2005E6231;
			productRefGroup = D46313E018469AE2005E6231 /* Products */;
			projectDirPath = "";
			projectRoot = "";
			targets = (
				D46313DE18469AE2005E6231 /* Matchismo */,
				D46313FF18469AE2005E6231 /* MatchismoTests */,
			);
		};
/* End PBXProject section */

/* Begin PBXResourcesBuildPhase section */
		D46313DD18469AE2005E6231 /* Resources */ = {
			isa = PBXResourcesBuildPhase;
			buildActionMask = 2147483647;
			files = (
				D46313FB18469AE2005E6231 /* Images.xcassets in Resources */,
				D46313ED18469AE2005E6231 /* InfoPlist.strings in Resources */,
				D46313F618469AE2005E6231 /* Main.storyboard in Resources */,
			);
			runOnlyForDeploymentPostprocessing = 0;
		};
		D46313FE18469AE2005E6231 /* Resources */ = {
			isa = PBXResourcesBuildPhase;
			buildActionMask = 2147483647;
			files = (
				D463140C18469AE2005E6231 /* InfoPlist.strings in Resources */,
			);
			runOnlyForDeploymentPostprocessing = 0;
		};
/* End PBXResourcesBuildPhase section */

/* Begin PBXSourcesBuildPhase section */
		D46313DB18469AE2005E6231 /* Sources */ = {
			isa = PBXSourcesBuildPhase;
			buildActionMask = 2147483647;
			files = (
				D46314201846B44A005E6231 /* PlayingCard.m in Sources */,
				D463141D1846B319005E6231 /* Deck.m in Sources */,
				D46313F318469AE2005E6231 /* CardGameAppDelegate.m in Sources */,
				D46313F918469AE2005E6231 /* CardGameViewController.m in Sources */,
				D463142918491DC0005E6231 /* CardMatchingGame.m in Sources */,
				D46314261846D7E7005E6231 /* PlayingCardDeck.m in Sources */,
				D46313EF18469AE2005E6231 /* main.m in Sources */,
				D46314191846B1C5005E6231 /* Card.m in Sources */,
			);
			runOnlyForDeploymentPostprocessing = 0;
		};
		D46313FC18469AE2005E6231 /* Sources */ = {
			isa = PBXSourcesBuildPhase;
			buildActionMask = 2147483647;
			files = (
				D463140E18469AE2005E6231 /* MatchismoTests.m in Sources */,
			);
			runOnlyForDeploymentPostprocessing = 0;
		};
/* End PBXSourcesBuildPhase section */

/* Begin PBXTargetDependency section */
		D463140618469AE2005E6231 /* PBXTargetDependency */ = {
			isa = PBXTargetDependency;
			target = D46313DE18469AE2005E6231 /* Matchismo */;
			targetProxy = D463140518469AE2005E6231 /* PBXContainerItemProxy */;
		};
/* End PBXTargetDependency section */

/* Begin PBXVariantGroup section */
		D46313EB18469AE2005E6231 /* InfoPlist.strings */ = {
			isa = PBXVariantGroup;
			children = (
				D46313EC18469AE2005E6231 /* en */,
			);
			name = InfoPlist.strings;
			sourceTree = "<group>";
		};
		D46313F418469AE2005E6231 /* Main.storyboard */ = {
			isa = PBXVariantGroup;
			children = (
				D46313F518469AE2005E6231 /* Base */,
			);
			name = Main.storyboard;
			sourceTree = "<group>";
		};
		D463140A18469AE2005E6231 /* InfoPlist.strings */ = {
			isa = PBXVariantGroup;
			children = (
				D463140B18469AE2005E6231 /* en */,
			);
			name = InfoPlist.strings;
			sourceTree = "<group>";
		};
/* End PBXVariantGroup section */

/* Begin XCBuildConfiguration section */
		D463140F18469AE2005E6231 /* Debug */ = {
			isa = XCBuildConfiguration;
			buildSettings = {
				ALWAYS_SEARCH_USER_PATHS = NO;
				ARCHS = "$(ARCHS_STANDARD_INCLUDING_64_BIT)";
				CLANG_CXX_LANGUAGE_STANDARD = "gnu++0x";
				CLANG_CXX_LIBRARY = "libc++";
				CLANG_ENABLE_MODULES = YES;
				CLANG_ENABLE_OBJC_ARC = YES;
				CLANG_WARN_BOOL_CONVERSION = YES;
				CLANG_WARN_CONSTANT_CONVERSION = YES;
				CLANG_WARN_DIRECT_OBJC_ISA_USAGE = YES_ERROR;
				CLANG_WARN_EMPTY_BODY = YES;
				CLANG_WARN_ENUM_CONVERSION = YES;
				CLANG_WARN_INT_CONVERSION = YES;
				CLANG_WARN_OBJC_ROOT_CLASS = YES_ERROR;
				CLANG_WARN__DUPLICATE_METHOD_MATCH = YES;
				"CODE_SIGN_IDENTITY[sdk=iphoneos*]" = "iPhone Developer";
				COPY_PHASE_STRIP = NO;
				GCC_C_LANGUAGE_STANDARD = gnu99;
				GCC_DYNAMIC_NO_PIC = NO;
				GCC_OPTIMIZATION_LEVEL = 0;
				GCC_PREPROCESSOR_DEFINITIONS = (
					"DEBUG=1",
					"$(inherited)",
				);
				GCC_SYMBOLS_PRIVATE_EXTERN = NO;
				GCC_WARN_64_TO_32_BIT_CONVERSION = YES;
				GCC_WARN_ABOUT_RETURN_TYPE = YES_ERROR;
				GCC_WARN_UNDECLARED_SELECTOR = YES;
				GCC_WARN_UNINITIALIZED_AUTOS = YES;
				GCC_WARN_UNUSED_FUNCTION = YES;
				GCC_WARN_UNUSED_VARIABLE = YES;
				IPHONEOS_DEPLOYMENT_TARGET = 7.0;
				ONLY_ACTIVE_ARCH = YES;
				SDKROOT = iphoneos;
			};
			name = Debug;
		};
		D463141018469AE2005E6231 /* Release */ = {
			isa = XCBuildConfiguration;
			buildSettings = {
				ALWAYS_SEARCH_USER_PATHS = NO;
				ARCHS = "$(ARCHS_STANDARD_INCLUDING_64_BIT)";
				CLANG_CXX_LANGUAGE_STANDARD = "gnu++0x";
				CLANG_CXX_LIBRARY = "libc++";
				CLANG_ENABLE_MODULES = YES;
				CLANG_ENABLE_OBJC_ARC = YES;
				CLANG_WARN_BOOL_CONVERSION = YES;
				CLANG_WARN_CONSTANT_CONVERSION = YES;
				CLANG_WARN_DIRECT_OBJC_ISA_USAGE = YES_ERROR;
				CLANG_WARN_EMPTY_BODY = YES;
				CLANG_WARN_ENUM_CONVERSION = YES;
				CLANG_WARN_INT_CONVERSION = YES;
				CLANG_WARN_OBJC_ROOT_CLASS = YES_ERROR;
				CLANG_WARN__DUPLICATE_METHOD_MATCH = YES;
				"CODE_SIGN_IDENTITY[sdk=iphoneos*]" = "iPhone Developer";
				COPY_PHASE_STRIP = YES;
				ENABLE_NS_ASSERTIONS = NO;
				GCC_C_LANGUAGE_STANDARD = gnu99;
				GCC_WARN_64_TO_32_BIT_CONVERSION = YES;
				GCC_WARN_ABOUT_RETURN_TYPE = YES_ERROR;
				GCC_WARN_UNDECLARED_SELECTOR = YES;
				GCC_WARN_UNINITIALIZED_AUTOS = YES;
				GCC_WARN_UNUSED_FUNCTION = YES;
				GCC_WARN_UNUSED_VARIABLE = YES;
				IPHONEOS_DEPLOYMENT_TARGET = 7.0;
				SDKROOT = iphoneos;
				VALIDATE_PRODUCT = YES;
			};
			name = Release;
		};
		D463141218469AE2005E6231 /* Debug */ = {
			isa = XCBuildConfiguration;
			buildSettings = {
				ASSETCATALOG_COMPILER_APPICON_NAME = AppIcon;
				ASSETCATALOG_COMPILER_LAUNCHIMAGE_NAME = LaunchImage;
				GCC_PRECOMPILE_PREFIX_HEADER = YES;
				GCC_PREFIX_HEADER = "Matchismo/Matchismo-Prefix.pch";
				INFOPLIST_FILE = "Matchismo/Matchismo-Info.plist";
				PRODUCT_NAME = "$(TARGET_NAME)";
				WRAPPER_EXTENSION = app;
			};
			name = Debug;
		};
		D463141318469AE2005E6231 /* Release */ = {
			isa = XCBuildConfiguration;
			buildSettings = {
				ASSETCATALOG_COMPILER_APPICON_NAME = AppIcon;
				ASSETCATALOG_COMPILER_LAUNCHIMAGE_NAME = LaunchImage;
				GCC_PRECOMPILE_PREFIX_HEADER = YES;
				GCC_PREFIX_HEADER = "Matchismo/Matchismo-Prefix.pch";
				INFOPLIST_FILE = "Matchismo/Matchismo-Info.plist";
				PRODUCT_NAME = "$(TARGET_NAME)";
				WRAPPER_EXTENSION = app;
			};
			name = Release;
		};
		D463141518469AE2005E6231 /* Debug */ = {
			isa = XCBuildConfiguration;
			buildSettings = {
				ARCHS = "$(ARCHS_STANDARD_INCLUDING_64_BIT)";
				BUNDLE_LOADER = "$(BUILT_PRODUCTS_DIR)/Matchismo.app/Matchismo";
				FRAMEWORK_SEARCH_PATHS = (
					"$(SDKROOT)/Developer/Library/Frameworks",
					"$(inherited)",
					"$(DEVELOPER_FRAMEWORKS_DIR)",
				);
				GCC_PRECOMPILE_PREFIX_HEADER = YES;
				GCC_PREFIX_HEADER = "Matchismo/Matchismo-Prefix.pch";
				GCC_PREPROCESSOR_DEFINITIONS = (
					"DEBUG=1",
					"$(inherited)",
				);
				INFOPLIST_FILE = "MatchismoTests/MatchismoTests-Info.plist";
				PRODUCT_NAME = "$(TARGET_NAME)";
				TEST_HOST = "$(BUNDLE_LOADER)";
				WRAPPER_EXTENSION = xctest;
			};
			name = Debug;
		};
		D463141618469AE2005E6231 /* Release */ = {
			isa = XCBuildConfiguration;
			buildSettings = {
				ARCHS = "$(ARCHS_STANDARD_INCLUDING_64_BIT)";
				BUNDLE_LOADER = "$(BUILT_PRODUCTS_DIR)/Matchismo.app/Matchismo";
				FRAMEWORK_SEARCH_PATHS = (
					"$(SDKROOT)/Developer/Library/Frameworks",
					"$(inherited)",
					"$(DEVELOPER_FRAMEWORKS_DIR)",
				);
				GCC_PRECOMPILE_PREFIX_HEADER = YES;
				GCC_PREFIX_HEADER = "Matchismo/Matchismo-Prefix.pch";
				INFOPLIST_FILE = "MatchismoTests/MatchismoTests-Info.plist";
				PRODUCT_NAME = "$(TARGET_NAME)";
				TEST_HOST = "$(BUNDLE_LOADER)";
				WRAPPER_EXTENSION = xctest;
			};
			name = Release;
		};
/* End XCBuildConfiguration section */

/* Begin XCConfigurationList section */
		D46313DA18469AE2005E6231 /* Build configuration list for PBXProject "Matchismo" */ = {
			isa = XCConfigurationList;
			buildConfigurations = (
				D463140F18469AE2005E6231 /* Debug */,
				D463141018469AE2005E6231 /* Release */,
			);
			defaultConfigurationIsVisible = 0;
			defaultConfigurationName = Release;
		};
		D463141118469AE2005E6231 /* Build configuration list for PBXNativeTarget "Matchismo" */ = {
			isa = XCConfigurationList;
			buildConfigurations = (
				D463141218469AE2005E6231 /* Debug */,
				D463141318469AE2005E6231 /* Release */,
			);
			defaultConfigurationIsVisible = 0;
			defaultConfigurationName = Release;
		};
		D463141418469AE2005E6231 /* Build configuration list for PBXNativeTarget "MatchismoTests" */ = {
			isa = XCConfigurationList;
			buildConfigurations = (
				D463141518469AE2005E6231 /* Debug */,
				D463141618469AE2005E6231 /* Release */,
			);
			defaultConfigurationIsVisible = 0;
			defaultConfigurationName = Release;
		};
/* End XCConfigurationList section */
	};
	rootObject = D46313D718469AE2005E6231 /* Project object */;
}
